
Microsoft Visual Studio Solution File, Format Version 12.00
# Visual Studio Version 16
VisualStudioVersion = 16.0.31005.135
MinimumVisualStudioVersion = 10.0.40219.1
Project("{FAE04EC0-301F-11D3-BF4B-00C04F79EFBC}") = "TowerOfHanoiV2", "TowerOfHanoiV2\TowerOfHanoiV2.csproj", "{7A24512C-07AA-4D21-9E33-9F9A3BE0292B}"
EndProject
Global
	GlobalSection(SolutionConfigurationPlatforms) = preSolution
		Debug|Any CPU = Debug|Any CPU
		Release|Any CPU = Release|Any CPU
	EndGlobalSection
	GlobalSection(ProjectConfigurationPlatforms) = postSolution
		{7A24512C-07AA-4D21-9E33-9F9A3BE0292B}.Debug|Any CPU.ActiveCfg = Debug|Any CPU
		{7A24512C-07AA-4D21-9E33-9F9A3BE0292B}.Debug|Any CPU.Build.0 = Debug|Any CPU
		{7A24512C-07AA-4D21-9E33-9F9A3BE0292B}.Release|Any CPU.ActiveCfg = Release|Any CPU
		{7A24512C-07AA-4D21-9E33-9F9A3BE0292B}.Release|Any CPU.Build.0 = Release|Any CPU
	EndGlobalSection
	GlobalSection(SolutionProperties) = preSolution
		HideSolutionNode = FALSE
	EndGlobalSection
	GlobalSection(ExtensibilityGlobals) = postSolution
		SolutionGuid = {3C31C4F8-2B31-44DC-A523-D6D7008F574B}
	EndGlobalSection
EndGlobal
